
Microsoft Visual Studio Solution File, Format Version 12.00
# Visual Studio Version 16
VisualStudioVersion = 16.0.29009.5
MinimumVisualStudioVersion = 10.0.40219.1
Project("{FAE04EC0-301F-11D3-BF4B-00C04F79EFBC}") = "ExhaustiveMatch", "ExhaustiveMatch\ExhaustiveMatch.csproj", "{7042198A-A6BD-4FA6-BA79-BF74B5DE7701}"
EndProject
Project("{FAE04EC0-301F-11D3-BF4B-00C04F79EFBC}") = "ExhaustiveMatch.Test", "ExhaustiveMatch.Test\ExhaustiveMatch.Test.csproj", "{A233C485-C5EA-402E-AF11-729030E299E4}"
EndProject
Project("{FAE04EC0-301F-11D3-BF4B-00C04F79EFBC}") = "ExhaustiveMatch.Vsix", "ExhaustiveMatch.Vsix\ExhaustiveMatch.Vsix.csproj", "{5DCF6E79-4C58-4B3D-8EA5-1F9A89772F64}"
EndProject
Global
	GlobalSection(SolutionConfigurationPlatforms) = preSolution
		Debug|Any CPU = Debug|Any CPU
		Release|Any CPU = Release|Any CPU
	EndGlobalSection
	GlobalSection(ProjectConfigurationPlatforms) = postSolution
		{7042198A-A6BD-4FA6-BA79-BF74B5DE7701}.Debug|Any CPU.ActiveCfg = Debug|Any CPU
		{7042198A-A6BD-4FA6-BA79-BF74B5DE7701}.Debug|Any CPU.Build.0 = Debug|Any CPU
		{7042198A-A6BD-4FA6-BA79-BF74B5DE7701}.Release|Any CPU.ActiveCfg = Release|Any CPU
		{7042198A-A6BD-4FA6-BA79-BF74B5DE7701}.Release|Any CPU.Build.0 = Release|Any CPU
		{A233C485-C5EA-402E-AF11-729030E299E4}.Debug|Any CPU.ActiveCfg = Debug|Any CPU
		{A233C485-C5EA-402E-AF11-729030E299E4}.Debug|Any CPU.Build.0 = Debug|Any CPU
		{A233C485-C5EA-402E-AF11-729030E299E4}.Release|Any CPU.ActiveCfg = Release|Any CPU
		{A233C485-C5EA-402E-AF11-729030E299E4}.Release|Any CPU.Build.0 = Release|Any CPU
		{5DCF6E79-4C58-4B3D-8EA5-1F9A89772F64}.Debug|Any CPU.ActiveCfg = Debug|Any CPU
		{5DCF6E79-4C58-4B3D-8EA5-1F9A89772F64}.Debug|Any CPU.Build.0 = Debug|Any CPU
		{5DCF6E79-4C58-4B3D-8EA5-1F9A89772F64}.Release|Any CPU.ActiveCfg = Release|Any CPU
		{5DCF6E79-4C58-4B3D-8EA5-1F9A89772F64}.Release|Any CPU.Build.0 = Release|Any CPU
	EndGlobalSection
	GlobalSection(SolutionProperties) = preSolution
		HideSolutionNode = FALSE
	EndGlobalSection
	GlobalSection(ExtensibilityGlobals) = postSolution
		SolutionGuid = {989D219A-28EE-4783-AF1F-245BDAEFF76A}
	EndGlobalSection
EndGlobal
